// !$*UTF8*$!
{
	archiveVersion = 1;
	classes = {
	};
	objectVersion = 77;
	objects = {

/* Begin PBXBuildFile section */
		60CDDE7B2ED29C3F0073F352 /* .gitignore in Resources */ = {isa = PBXBuildFile; fileRef = 60CDDE7A2ED29C3F0073F352 /* .gitignore */; };
		60D034AD2ED08E1200346AC7 /* FirebaseAuth in Frameworks */ = {isa = PBXBuildFile; productRef = 60D034AC2ED08E1200346AC7 /* FirebaseAuth */; };
		60D034AF2ED08E1200346AC7 /* FirebaseDatabase in Frameworks */ = {isa = PBXBuildFile; productRef = 60D034AE2ED08E1200346AC7 /* FirebaseDatabase */; };
		60D034B12ED08E1200346AC7 /* FirebaseStorage in Frameworks */ = {isa = PBXBuildFile; productRef = 60D034B02ED08E1200346AC7 /* FirebaseStorage */; };
		60D034B42ED08E8100346AC7 /* Kingfisher in Frameworks */ = {isa = PBXBuildFile; productRef = 60D034B32ED08E8100346AC7 /* Kingfisher */; };
		60D034B62ED08F2500346AC7 /* GoogleService-Info.plist in Resources */ = {isa = PBXBuildFile; fileRef = 60D034B52ED08F2400346AC7 /* GoogleService-Info.plist */; };
		60D034C32ED095E700346AC7 /* FirebaseFirestore in Frameworks */ = {isa = PBXBuildFile; productRef = 60D034C22ED095E700346AC7 /* FirebaseFirestore */; };
		60D034C52ED095E700346AC7 /* FirebaseFirestoreCombine-Community in Frameworks */ = {isa = PBXBuildFile; productRef = 60D034C42ED095E700346AC7 /* FirebaseFirestoreCombine-Community */; };
		60D034CD2ED120C500346AC7 /* GoogleSignIn in Frameworks */ = {isa = PBXBuildFile; productRef = 60D034CC2ED120C500346AC7 /* GoogleSignIn */; };
		60D034CF2ED120C500346AC7 /* GoogleSignInSwift in Frameworks */ = {isa = PBXBuildFile; productRef = 60D034CE2ED120C500346AC7 /* GoogleSignInSwift */; };
/* End PBXBuildFile section */

/* Begin PBXFileReference section */
		60CDDE7A2ED29C3F0073F352 /* .gitignore */ = {isa = PBXFileReference; lastKnownFileType = text; path = .gitignore; sourceTree = "<group>"; };
		60D034B52ED08F2400346AC7 /* GoogleService-Info.plist */ = {isa = PBXFileReference; lastKnownFileType = text.plist.xml; path = "GoogleService-Info.plist"; sourceTree = "<group>"; };
		60E754D92ECD752600BFBE77 /* promptrail3.app */ = {isa = PBXFileReference; explicitFileType = wrapper.application; includeInIndex = 0; path = promptrail3.app; sourceTree = BUILT_PRODUCTS_DIR; };
/* End PBXFileReference section */

/* Begin PBXFileSystemSynchronizedBuildFileExceptionSet section */
		60D034BF2ED0936900346AC7 /* Exceptions for "promptrail3" folder in "promptrail3" target */ = {
			isa = PBXFileSystemSynchronizedBuildFileExceptionSet;
			membershipExceptions = (
				Info.plist,
			);
			target = 60E754D82ECD752600BFBE77 /* promptrail3 */;
		};
/* End PBXFileSystemSynchronizedBuildFileExceptionSet section */

/* Begin PBXFileSystemSynchronizedRootGroup section */
		60E754DB2ECD752600BFBE77 /* promptrail3 */ = {
			isa = PBXFileSystemSynchronizedRootGroup;
			exceptions = (
				60D034BF2ED0936900346AC7 /* Exceptions for "promptrail3" folder in "promptrail3" target */,
			);
			path = promptrail3;
			sourceTree = "<group>";
		};
/* End PBXFileSystemSynchronizedRootGroup section */

/* Begin PBXFrameworksBuildPhase section */
		60E754D62ECD752600BFBE77 /* Frameworks */ = {
			isa = PBXFrameworksBuildPhase;
			buildActionMask = 2147483647;
			files = (
				60D034B42ED08E8100346AC7 /* Kingfisher in Frameworks */,
				60D034AF2ED08E1200346AC7 /* FirebaseDatabase in Frameworks */,
				60D034AD2ED08E1200346AC7 /* FirebaseAuth in Frameworks */,
				60D034CF2ED120C500346AC7 /* GoogleSignInSwift in Frameworks */,
				60D034C52ED095E700346AC7 /* FirebaseFirestoreCombine-Community in Frameworks */,
				60D034C32ED095E700346AC7 /* FirebaseFirestore in Frameworks */,
				60D034B12ED08E1200346AC7 /* FirebaseStorage in Frameworks */,
				60D034CD2ED120C500346AC7 /* GoogleSignIn in Frameworks */,
			);
			runOnlyForDeploymentPostprocessing = 0;
		};
/* End PBXFrameworksBuildPhase section */

/* Begin PBXGroup section */
		60E754D02ECD752600BFBE77 = {
			isa = PBXGroup;
			children = (
				60E754DB2ECD752600BFBE77 /* promptrail3 */,
				60E754DA2ECD752600BFBE77 /* Products */,
				60D034B52ED08F2400346AC7 /* GoogleService-Info.plist */,
				60CDDE7A2ED29C3F0073F352 /* .gitignore */,
			);
			sourceTree = "<group>";
		};
		60E754DA2ECD752600BFBE77 /* Products */ = {
			isa = PBXGroup;
			children = (
				60E754D92ECD752600BFBE77 /* promptrail3.app */,
			);
			name = Products;
			sourceTree = "<group>";
		};
/* End PBXGroup section */

/* Begin PBXNativeTarget section */
		60E754D82ECD752600BFBE77 /* promptrail3 */ = {
			isa = PBXNativeTarget;
			buildConfigurationList = 60E754E42ECD752800BFBE77 /* Build configuration list for PBXNativeTarget "promptrail3" */;
			buildPhases = (
				60E754D52ECD752600BFBE77 /* Sources */,
				60E754D62ECD752600BFBE77 /* Frameworks */,
				60E754D72ECD752600BFBE77 /* Resources */,
			);
			buildRules = (
			);
			dependencies = (
			);
			fileSystemSynchronizedGroups = (
				60E754DB2ECD752600BFBE77 /* promptrail3 */,
			);
			name = promptrail3;
			packageProductDependencies = (
				60D034AC2ED08E1200346AC7 /* FirebaseAuth */,
				60D034AE2ED08E1200346AC7 /* FirebaseDatabase */,
				60D034B02ED08E1200346AC7 /* FirebaseStorage */,
				60D034B32ED08E8100346AC7 /* Kingfisher */,
				60D034C22ED095E700346AC7 /* FirebaseFirestore */,
				60D034C42ED095E700346AC7 /* FirebaseFirestoreCombine-Community */,
				60D034CC2ED120C500346AC7 /* GoogleSignIn */,
				60D034CE2ED120C500346AC7 /* GoogleSignInSwift */,
			);
			productName = promptrail3;
			productReference = 60E754D92ECD752600BFBE77 /* promptrail3.app */;
			productType = "com.apple.product-type.application";
		};
/* End PBXNativeTarget section */

/* Begin PBXProject section */
		60E754D12ECD752600BFBE77 /* Project object */ = {
			isa = PBXProject;
			attributes = {
				BuildIndependentTargetsInParallel = 1;
				LastSwiftUpdateCheck = 2610;
				LastUpgradeCheck = 2610;
				TargetAttributes = {
					60E754D82ECD752600BFBE77 = {
						CreatedOnToolsVersion = 26.1.1;
					};
				};
			};
			buildConfigurationList = 60E754D42ECD752600BFBE77 /* Build configuration list for PBXProject "promptrail3" */;
			developmentRegion = en;
			hasScannedForEncodings = 0;
			knownRegions = (
				en,
				Base,
			);
			mainGroup = 60E754D02ECD752600BFBE77;
			minimizedProjectReferenceProxies = 1;
			packageReferences = (
				60D034AB2ED08E1200346AC7 /* XCRemoteSwiftPackageReference "firebase-ios-sdk" */,
				60D034B22ED08E8100346AC7 /* XCRemoteSwiftPackageReference "Kingfisher" */,
				60D034CB2ED120C500346AC7 /* XCRemoteSwiftPackageReference "GoogleSignIn-iOS" */,
			);
			preferredProjectObjectVersion = 77;
			productRefGroup = 60E754DA2ECD752600BFBE77 /* Products */;
			projectDirPath = "";
			projectRoot = "";
			targets = (
				60E754D82ECD752600BFBE77 /* promptrail3 */,
			);
		};
/* End PBXProject section */

/* Begin PBXResourcesBuildPhase section */
		60E754D72ECD752600BFBE77 /* Resources */ = {
			isa = PBXResourcesBuildPhase;
			buildActionMask = 2147483647;
			files = (
				60CDDE7B2ED29C3F0073F352 /* .gitignore in Resources */,
				60D034B62ED08F2500346AC7 /* GoogleService-Info.plist in Resources */,
			);
			runOnlyForDeploymentPostprocessing = 0;
		};
/* End PBXResourcesBuildPhase section */

/* Begin PBXSourcesBuildPhase section */
		60E754D52ECD752600BFBE77 /* Sources */ = {
			isa = PBXSourcesBuildPhase;
			buildActionMask = 2147483647;
			files = (
			);
			runOnlyForDeploymentPostprocessing = 0;
		};
/* End PBXSourcesBuildPhase section */

/* Begin XCBuildConfiguration section */
		60E754E22ECD752800BFBE77 /* Debug */ = {
			isa = XCBuildConfiguration;
			buildSettings = {
				ALWAYS_SEARCH_USER_PATHS = NO;
				ASSETCATALOG_COMPILER_GENERATE_SWIFT_ASSET_SYMBOL_EXTENSIONS = YES;
				CLANG_ANALYZER_NONNULL = YES;
				CLANG_ANALYZER_NUMBER_OBJECT_CONVERSION = YES_AGGRESSIVE;
				CLANG_CXX_LANGUAGE_STANDARD = "gnu++20";
				CLANG_ENABLE_MODULES = YES;
				CLANG_ENABLE_OBJC_ARC = YES;
				CLANG_ENABLE_OBJC_WEAK = YES;
				CLANG_WARN_BLOCK_CAPTURE_AUTORELEASING = YES;
				CLANG_WARN_BOOL_CONVERSION = YES;
				CLANG_WARN_COMMA = YES;
				CLANG_WARN_CONSTANT_CONVERSION = YES;
				CLANG_WARN_DEPRECATED_OBJC_IMPLEMENTATIONS = YES;
				CLANG_WARN_DIRECT_OBJC_ISA_USAGE = YES_ERROR;
				CLANG_WARN_DOCUMENTATION_COMMENTS = YES;
				CLANG_WARN_EMPTY_BODY = YES;
				CLANG_WARN_ENUM_CONVERSION = YES;
				CLANG_WARN_INFINITE_RECURSION = YES;
				CLANG_WARN_INT_CONVERSION = YES;
				CLANG_WARN_NON_LITERAL_NULL_CONVERSION = YES;
				CLANG_WARN_OBJC_IMPLICIT_RETAIN_SELF = YES;
				CLANG_WARN_OBJC_LITERAL_CONVERSION = YES;
				CLANG_WARN_OBJC_ROOT_CLASS = YES_ERROR;
				CLANG_WARN_QUOTED_INCLUDE_IN_FRAMEWORK_HEADER = YES;
				CLANG_WARN_RANGE_LOOP_ANALYSIS = YES;
				CLANG_WARN_STRICT_PROTOTYPES = YES;
				CLANG_WARN_SUSPICIOUS_MOVE = YES;
				CLANG_WARN_UNGUARDED_AVAILABILITY = YES_AGGRESSIVE;
				CLANG_WARN_UNREACHABLE_CODE = YES;
				CLANG_WARN__DUPLICATE_METHOD_MATCH = YES;
				COPY_PHASE_STRIP = NO;
				DEBUG_INFORMATION_FORMAT = dwarf;
				DEVELOPMENT_TEAM = QMSY5U5T59;
				ENABLE_STRICT_OBJC_MSGSEND = YES;
				ENABLE_TESTABILITY = YES;
				ENABLE_USER_SCRIPT_SANDBOXING = YES;
				GCC_C_LANGUAGE_STANDARD = gnu17;
				GCC_DYNAMIC_NO_PIC = NO;
				GCC_NO_COMMON_BLOCKS = YES;
				GCC_OPTIMIZATION_LEVEL = 0;
				GCC_PREPROCESSOR_DEFINITIONS = (
					"DEBUG=1",
					"$(inherited)",
				);
				GCC_WARN_64_TO_32_BIT_CONVERSION = YES;
				GCC_WARN_ABOUT_RETURN_TYPE = YES_ERROR;
				GCC_WARN_UNDECLARED_SELECTOR = YES;
				GCC_WARN_UNINITIALIZED_AUTOS = YES_AGGRESSIVE;
				GCC_WARN_UNUSED_FUNCTION = YES;
				GCC_WARN_UNUSED_VARIABLE = YES;
				IPHONEOS_DEPLOYMENT_TARGET = 26.1;
				LOCALIZATION_PREFERS_STRING_CATALOGS = YES;
				MTL_ENABLE_DEBUG_INFO = INCLUDE_SOURCE;
				MTL_FAST_MATH = YES;
				ONLY_ACTIVE_ARCH = YES;
				SDKROOT = iphoneos;
				SWIFT_ACTIVE_COMPILATION_CONDITIONS = "DEBUG $(inherited)";
				SWIFT_OPTIMIZATION_LEVEL = "-Onone";
			};
			name = Debug;
		};
		60E754E32ECD752800BFBE77 /* Release */ = {
			isa = XCBuildConfiguration;
			buildSettings = {
				ALWAYS_SEARCH_USER_PATHS = NO;
				ASSETCATALOG_COMPILER_GENERATE_SWIFT_ASSET_SYMBOL_EXTENSIONS = YES;
				CLANG_ANALYZER_NONNULL = YES;
				CLANG_ANALYZER_NUMBER_OBJECT_CONVERSION = YES_AGGRESSIVE;
				CLANG_CXX_LANGUAGE_STANDARD = "gnu++20";
				CLANG_ENABLE_MODULES = YES;
				CLANG_ENABLE_OBJC_ARC = YES;
				CLANG_ENABLE_OBJC_WEAK = YES;
				CLANG_WARN_BLOCK_CAPTURE_AUTORELEASING = YES;
				CLANG_WARN_BOOL_CONVERSION = YES;
				CLANG_WARN_COMMA = YES;
				CLANG_WARN_CONSTANT_CONVERSION = YES;
				CLANG_WARN_DEPRECATED_OBJC_IMPLEMENTATIONS = YES;
				CLANG_WARN_DIRECT_OBJC_ISA_USAGE = YES_ERROR;
				CLANG_WARN_DOCUMENTATION_COMMENTS = YES;
				CLANG_WARN_EMPTY_BODY = YES;
				CLANG_WARN_ENUM_CONVERSION = YES;
				CLANG_WARN_INFINITE_RECURSION = YES;
				CLANG_WARN_INT_CONVERSION = YES;
				CLANG_WARN_NON_LITERAL_NULL_CONVERSION = YES;
				CLANG_WARN_OBJC_IMPLICIT_RETAIN_SELF = YES;
				CLANG_WARN_OBJC_LITERAL_CONVERSION = YES;
				CLANG_WARN_OBJC_ROOT_CLASS = YES_ERROR;
				CLANG_WARN_QUOTED_INCLUDE_IN_FRAMEWORK_HEADER = YES;
				CLANG_WARN_RANGE_LOOP_ANALYSIS = YES;
				CLANG_WARN_STRICT_PROTOTYPES = YES;
				CLANG_WARN_SUSPICIOUS_MOVE = YES;
				CLANG_WARN_UNGUARDED_AVAILABILITY = YES_AGGRESSIVE;
				CLANG_WARN_UNREACHABLE_CODE = YES;
				CLANG_WARN__DUPLICATE_METHOD_MATCH = YES;
				COPY_PHASE_STRIP = NO;
				DEBUG_INFORMATION_FORMAT = "dwarf-with-dsym";
				DEVELOPMENT_TEAM = QMSY5U5T59;
				ENABLE_NS_ASSERTIONS = NO;
				ENABLE_STRICT_OBJC_MSGSEND = YES;
				ENABLE_USER_SCRIPT_SANDBOXING = YES;
				GCC_C_LANGUAGE_STANDARD = gnu17;
				GCC_NO_COMMON_BLOCKS = YES;
				GCC_WARN_64_TO_32_BIT_CONVERSION = YES;
				GCC_WARN_ABOUT_RETURN_TYPE = YES_ERROR;
				GCC_WARN_UNDECLARED_SELECTOR = YES;
				GCC_WARN_UNINITIALIZED_AUTOS = YES_AGGRESSIVE;
				GCC_WARN_UNUSED_FUNCTION = YES;
				GCC_WARN_UNUSED_VARIABLE = YES;
				IPHONEOS_DEPLOYMENT_TARGET = 26.1;
				LOCALIZATION_PREFERS_STRING_CATALOGS = YES;
				MTL_ENABLE_DEBUG_INFO = NO;
				MTL_FAST_MATH = YES;
				SDKROOT = iphoneos;
				SWIFT_COMPILATION_MODE = wholemodule;
				VALIDATE_PRODUCT = YES;
			};
			name = Release;
		};
		60E754E52ECD752800BFBE77 /* Debug */ = {
			isa = XCBuildConfiguration;
			buildSettings = {
				ASSETCATALOG_COMPILER_APPICON_NAME = AppIcon;
				ASSETCATALOG_COMPILER_GLOBAL_ACCENT_COLOR_NAME = AccentColor;
				CODE_SIGN_ENTITLEMENTS = promptrail3/promptrail3.entitlements;
				CODE_SIGN_STYLE = Automatic;
				CURRENT_PROJECT_VERSION = 1;
				DEVELOPMENT_TEAM = QMSY5U5T59;
				ENABLE_PREVIEWS = YES;
				GENERATE_INFOPLIST_FILE = YES;
				INFOPLIST_FILE = promptrail3/Info.plist;
				INFOPLIST_KEY_NSPhotoLibraryUsageDescription = "登録する画像を取得するためにフォトライブラリにアクセスします";
				INFOPLIST_KEY_UIApplicationSceneManifest_Generation = YES;
				INFOPLIST_KEY_UIApplicationSupportsIndirectInputEvents = YES;
				INFOPLIST_KEY_UILaunchScreen_Generation = YES;
				INFOPLIST_KEY_UISupportedInterfaceOrientations_iPad = "UIInterfaceOrientationPortrait UIInterfaceOrientationPortraitUpsideDown UIInterfaceOrientationLandscapeLeft UIInterfaceOrientationLandscapeRight";
				INFOPLIST_KEY_UISupportedInterfaceOrientations_iPhone = "UIInterfaceOrientationPortrait UIInterfaceOrientationLandscapeLeft UIInterfaceOrientationLandscapeRight";
				LD_RUNPATH_SEARCH_PATHS = (
					"$(inherited)",
					"@executable_path/Frameworks",
				);
				MARKETING_VERSION = 1.0;
				PRODUCT_BUNDLE_IDENTIFIER = com.reo.taguchi.promptrail3;
				PRODUCT_NAME = "$(TARGET_NAME)";
				STRING_CATALOG_GENERATE_SYMBOLS = YES;
				SWIFT_APPROACHABLE_CONCURRENCY = YES;
				SWIFT_DEFAULT_ACTOR_ISOLATION = MainActor;
				SWIFT_EMIT_LOC_STRINGS = YES;
				SWIFT_UPCOMING_FEATURE_MEMBER_IMPORT_VISIBILITY = YES;
				SWIFT_VERSION = 5.0;
				TARGETED_DEVICE_FAMILY = "1,2";
			};
			name = Debug;
		};
		60E754E62ECD752800BFBE77 /* Release */ = {
			isa = XCBuildConfiguration;
			buildSettings = {
				ASSETCATALOG_COMPILER_APPICON_NAME = AppIcon;
				ASSETCATALOG_COMPILER_GLOBAL_ACCENT_COLOR_NAME = AccentColor;
				CODE_SIGN_ENTITLEMENTS = promptrail3/promptrail3.entitlements;
				CODE_SIGN_STYLE = Automatic;
				CURRENT_PROJECT_VERSION = 1;
				DEVELOPMENT_TEAM = QMSY5U5T59;
				ENABLE_PREVIEWS = YES;
				GENERATE_INFOPLIST_FILE = YES;
				INFOPLIST_FILE = promptrail3/Info.plist;
				INFOPLIST_KEY_NSPhotoLibraryUsageDescription = "登録する画像を取得するためにフォトライブラリにアクセスします";
				INFOPLIST_KEY_UIApplicationSceneManifest_Generation = YES;
				INFOPLIST_KEY_UIApplicationSupportsIndirectInputEvents = YES;
				INFOPLIST_KEY_UILaunchScreen_Generation = YES;
				INFOPLIST_KEY_UISupportedInterfaceOrientations_iPad = "UIInterfaceOrientationPortrait UIInterfaceOrientationPortraitUpsideDown UIInterfaceOrientationLandscapeLeft UIInterfaceOrientationLandscapeRight";
				INFOPLIST_KEY_UISupportedInterfaceOrientations_iPhone = "UIInterfaceOrientationPortrait UIInterfaceOrientationLandscapeLeft UIInterfaceOrientationLandscapeRight";
				LD_RUNPATH_SEARCH_PATHS = (
					"$(inherited)",
					"@executable_path/Frameworks",
				);
				MARKETING_VERSION = 1.0;
				PRODUCT_BUNDLE_IDENTIFIER = com.reo.taguchi.promptrail3;
				PRODUCT_NAME = "$(TARGET_NAME)";
				STRING_CATALOG_GENERATE_SYMBOLS = YES;
				SWIFT_APPROACHABLE_CONCURRENCY = YES;
				SWIFT_DEFAULT_ACTOR_ISOLATION = MainActor;
				SWIFT_EMIT_LOC_STRINGS = YES;
				SWIFT_UPCOMING_FEATURE_MEMBER_IMPORT_VISIBILITY = YES;
				SWIFT_VERSION = 5.0;
				TARGETED_DEVICE_FAMILY = "1,2";
			};
			name = Release;
		};
/* End XCBuildConfiguration section */

/* Begin XCConfigurationList section */
		60E754D42ECD752600BFBE77 /* Build configuration list for PBXProject "promptrail3" */ = {
			isa = XCConfigurationList;
			buildConfigurations = (
				60E754E22ECD752800BFBE77 /* Debug */,
				60E754E32ECD752800BFBE77 /* Release */,
			);
			defaultConfigurationIsVisible = 0;
			defaultConfigurationName = Release;
		};
		60E754E42ECD752800BFBE77 /* Build configuration list for PBXNativeTarget "promptrail3" */ = {
			isa = XCConfigurationList;
			buildConfigurations = (
				60E754E52ECD752800BFBE77 /* Debug */,
				60E754E62ECD752800BFBE77 /* Release */,
			);
			defaultConfigurationIsVisible = 0;
			defaultConfigurationName = Release;
		};
/* End XCConfigurationList section */

/* Begin XCRemoteSwiftPackageReference section */
		60D034AB2ED08E1200346AC7 /* XCRemoteSwiftPackageReference "firebase-ios-sdk" */ = {
			isa = XCRemoteSwiftPackageReference;
			repositoryURL = "https://github.com/firebase/firebase-ios-sdk";
			requirement = {
				kind = upToNextMajorVersion;
				minimumVersion = 12.6.0;
			};
		};
		60D034B22ED08E8100346AC7 /* XCRemoteSwiftPackageReference "Kingfisher" */ = {
			isa = XCRemoteSwiftPackageReference;
			repositoryURL = "git@github.com:onevcat/Kingfisher.git";
			requirement = {
				kind = upToNextMajorVersion;
				minimumVersion = 8.6.2;
			};
		};
		60D034CB2ED120C500346AC7 /* XCRemoteSwiftPackageReference "GoogleSignIn-iOS" */ = {
			isa = XCRemoteSwiftPackageReference;
			repositoryURL = "https://github.com/google/GoogleSignIn-iOS";
			requirement = {
				kind = upToNextMajorVersion;
				minimumVersion = 9.0.0;
			};
		};
/* End XCRemoteSwiftPackageReference section */

/* Begin XCSwiftPackageProductDependency section */
		60D034AC2ED08E1200346AC7 /* FirebaseAuth */ = {
			isa = XCSwiftPackageProductDependency;
			package = 60D034AB2ED08E1200346AC7 /* XCRemoteSwiftPackageReference "firebase-ios-sdk" */;
			productName = FirebaseAuth;
		};
		60D034AE2ED08E1200346AC7 /* FirebaseDatabase */ = {
			isa = XCSwiftPackageProductDependency;
			package = 60D034AB2ED08E1200346AC7 /* XCRemoteSwiftPackageReference "firebase-ios-sdk" */;
			productName = FirebaseDatabase;
		};
		60D034B02ED08E1200346AC7 /* FirebaseStorage */ = {
			isa = XCSwiftPackageProductDependency;
			package = 60D034AB2ED08E1200346AC7 /* XCRemoteSwiftPackageReference "firebase-ios-sdk" */;
			productName = FirebaseStorage;
		};
		60D034B32ED08E8100346AC7 /* Kingfisher */ = {
			isa = XCSwiftPackageProductDependency;
			package = 60D034B22ED08E8100346AC7 /* XCRemoteSwiftPackageReference "Kingfisher" */;
			productName = Kingfisher;
		};
		60D034C22ED095E700346AC7 /* FirebaseFirestore */ = {
			isa = XCSwiftPackageProductDependency;
			package = 60D034AB2ED08E1200346AC7 /* XCRemoteSwiftPackageReference "firebase-ios-sdk" */;
			productName = FirebaseFirestore;
		};
		60D034C42ED095E700346AC7 /* FirebaseFirestoreCombine-Community */ = {
			isa = XCSwiftPackageProductDependency;
			package = 60D034AB2ED08E1200346AC7 /* XCRemoteSwiftPackageReference "firebase-ios-sdk" */;
			productName = "FirebaseFirestoreCombine-Community";
		};
		60D034CC2ED120C500346AC7 /* GoogleSignIn */ = {
			isa = XCSwiftPackageProductDependency;
			package = 60D034CB2ED120C500346AC7 /* XCRemoteSwiftPackageReference "GoogleSignIn-iOS" */;
			productName = GoogleSignIn;
		};
		60D034CE2ED120C500346AC7 /* GoogleSignInSwift */ = {
			isa = XCSwiftPackageProductDependency;
			package = 60D034CB2ED120C500346AC7 /* XCRemoteSwiftPackageReference "GoogleSignIn-iOS" */;
			productName = GoogleSignInSwift;
		};
/* End XCSwiftPackageProductDependency section */
	};
	rootObject = 60E754D12ECD752600BFBE77 /* Project object */;
}
